version = 1
revision = 2
requires-python = ">=3.12"

[[package]]
name = "connectorx"
version = "0.4.5"
source = { registry = "https://pypi.org/simple" }
wheels = [
    { url = "https://files.pythonhosted.org/packages/74/c3/77aebad14179cf1a8cfdc5e84ea1bac4efb82de270ca6fc7ff914f8ec601/connectorx-0.4.5-cp312-cp312-macosx_10_7_x86_64.whl", hash = "sha256:25efda2317f40e6536582c3dd4f57a8a31c7e5969d708a674272c05591e6f5a2", size = 37900333, upload-time = "2026-01-18T01:31:27.545Z" },
    { url = "https://files.pythonhosted.org/packages/23/5c/e1e82bcb235fa52280696b01a975535800c0b8c3c12af7c5ddbb42a39010/connectorx-0.4.5-cp312-cp312-macosx_11_0_arm64.whl", hash = "sha256:27539e03408705f318572b163c419572a114fdc9baf4d1e6cd746bb87f573cf2", size = 35971550, upload-time = "2026-01-18T01:31:43.775Z" },
    { url = "https://files.pythonhosted.org/packages/14/be/fa9c3a14b6c10c899d0fb93f8ea549285db271c9899900f7eb21c3cdeb9a/connectorx-0.4.5-cp312-cp312-manylinux_2_28_aarch64.whl", hash = "sha256:c68cc9c6bff737d3c9fb8735b27ecc8474238ef640abb701ee0ab213c6c95f8c", size = 43720741, upload-time = "2026-01-18T01:30:52.897Z" },
    { url = "https://files.pythonhosted.org/packages/3e/4c/54cbfabd1866f3f8657e348f3a496fbde0a138d66a9f2f024b28b4db1c2e/connectorx-0.4.5-cp312-cp312-manylinux_2_28_x86_64.whl", hash = "sha256:3863bc71677d6314b60cb1e1489a650114d37d8d9f58f2df038cae4a82d2ffc5", size = 43751056, upload-time = "2026-01-18T01:31:10.534Z" },
    { url = "https://files.pythonhosted.org/packages/e0/03/350aafe6bc38a3851744bfab7c4d61bd16500ff6b20dfcb98054b7adb56d/connectorx-0.4.5-cp312-none-win_amd64.whl", hash = "sha256:0737254429e22e5012e1fe6a849112da38abb9b56743b3b8c8a1f902e5270e75", size = 34642277, upload-time = "2026-01-18T01:59:38.121Z" },
    { url = "https://files.pythonhosted.org/packages/10/de/65de3629f3bbb0597cc3393078085a27b5b52a9fa5b701a60c1c11a9868c/connectorx-0.4.5-cp313-cp313-macosx_10_7_x86_64.whl", hash = "sha256:ff2f4236a0fc14cd724b03df1f11c03b714442f4381575465f7d0f4f91135766", size = 37900697, upload-time = "2026-01-18T01:31:30.664Z" },
    { url = "https://files.pythonhosted.org/packages/88/59/6a4542bc57c53e99b366a8f377ebb8c9b9915d08a8915726c4a5f0fd8219/connectorx-0.4.5-cp313-cp313-macosx_11_0_arm64.whl", hash = "sha256:f5d4754069644a712bd3105345e4f7c680420c5bb1d1264070cda058c7f07fb3", size = 35972573, upload-time = "2026-01-18T01:31:46.945Z" },
    { url = "https://files.pythonhosted.org/packages/a6/8e/96abe0aecb5e121a80f64ded08c4d8b4115df85f1b246a2680c9f29d4d3d/connectorx-0.4.5-cp313-cp313-manylinux_2_28_aarch64.whl", hash = "sha256:31a65ff4ec8fde7ea7aa2812f2b21e7a512a3216b1b22ca1b02d3975b0bf1e75", size = 43746476, upload-time = "2026-01-18T01:30:56.296Z" },
    { url = "https://files.pythonhosted.org/packages/0a/9d/3bae67718e0bfbefba41959f2f1dc0a5765392aea311b02d98457c8efd34/connectorx-0.4.5-cp313-cp313-manylinux_2_28_x86_64.whl", hash = "sha256:ab1d62a26350055c5e901daa4d6dddb75b11addb923797158c809dffc4f0ac9e", size = 43761125, upload-time = "2026-01-18T01:31:14.253Z" },
    { url = "https://files.pythonhosted.org/packages/40/32/54a45bc796b2e5a572bb76c17ebaf971ec57bf9960ba23731d76a7f70962/connectorx-0.4.5-cp313-none-win_amd64.whl", hash = "sha256:50c20558beff2719be34ff325213526c1700c3a20743e9e0ba592774ebc9cc92", size = 34645527, upload-time = "2026-01-18T01:59:41.303Z" },
    { url = "https://files.pythonhosted.org/packages/79/76/8f89e0d1c973af07eed12c584c52c33b51dc119b7ed85e3c0f91615bfec6/connectorx-0.4.5-cp314-cp314-macosx_10_7_x86_64.whl", hash = "sha256:3ddfe372065b974365bff3b383e39c29cad468c0e7556543dd23753446c441ed", size = 37898985, upload-time = "2026-01-18T01:31:34.162Z" },
    { url = "https://files.pythonhosted.org/packages/f4/38/6243f6c83e9515ebab87c0b21be1c2599bd3f6148b8905802b12dba4bf83/connectorx-0.4.5-cp314-cp314-macosx_11_0_arm64.whl", hash = "sha256:3fd7788294417cbbb3811f8942e4fe3b4c190b80627a3c706ceae6c321824bcf", size = 35968795, upload-time = "2026-01-18T01:59:28.032Z" },
    { url = "https://files.pythonhosted.org/packages/7f/1a/031079b5c597b83df8548012095c23c10d471e6a4c29617d55dd4cf5a9b8/connectorx-0.4.5-cp314-cp314-manylinux_2_28_aarch64.whl", hash = "sha256:38ad8a032fddf25c36c6911d857fbe54220fe28439f02a4beb273b29bdef1eb8", size = 43742341, upload-time = "2026-01-18T01:31:00.55Z" },
    { url = "https://files.pythonhosted.org/packages/dc/97/525b11d7e3c3a286d83dc138f4e4ef948307338527b442be8fa3b1b379d7/connectorx-0.4.5-cp314-cp314-manylinux_2_28_x86_64.whl", hash = "sha256:cc01ca122f649e62707f49f7220ba1ae67961b260e2dcff9e8647ea9915a01cf", size = 43757296, upload-time = "2026-01-18T01:31:17.503Z" },
    { url = "https://files.pythonhosted.org/packages/57/3a/5e1a7cb3b0175c249c232f487918494ec7e26c13f3d543a55c8c7752b993/connectorx-0.4.5-cp314-none-win_amd64.whl", hash = "sha256:2073970532a8e6e2a8a2c0b163497eb8e58216e28fdab6693fcd7e58bfc47bfc", size = 34641445, upload-time = "2026-01-18T01:59:44.351Z" },
]

[[package]]
name = "duckdb"
version = "1.4.3"
source = { registry = "https://pypi.org/simple" }
sdist = { url = "https://files.pythonhosted.org/packages/7f/da/17c3eb5458af69d54dedc8d18e4a32ceaa8ce4d4c699d45d6d8287e790c3/duckdb-1.4.3.tar.gz", hash = "sha256:fea43e03604c713e25a25211ada87d30cd2a044d8f27afab5deba26ac49e5268", size = 18478418, upload-time = "2025-12-09T10:59:22.945Z" }
wheels = [
    { url = "https://files.pythonhosted.org/packages/5a/d7/fdc2139b94297fc5659110a38adde293d025e320673ae5e472b95d323c50/duckdb-1.4.3-cp312-cp312-macosx_10_13_universal2.whl", hash = "sha256:6302452e57aef29aae3977063810ed7b2927967b97912947b9cca45c1c21955f", size = 29033112, upload-time = "2025-12-09T10:58:16.52Z" },
    { url = "https://files.pythonhosted.org/packages/eb/d9/ca93df1ce19aef8f799e3aaacf754a4dde7e9169c0b333557752d21d076a/duckdb-1.4.3-cp312-cp312-macosx_10_13_x86_64.whl", hash = "sha256:deab351ac43b6282a3270e3d40e3d57b3b50f472d9fd8c30975d88a31be41231", size = 15414646, upload-time = "2025-12-09T10:58:19.36Z" },
    { url = "https://files.pythonhosted.org/packages/16/90/9f2748e740f5fc05b739e7c5c25aab6ab4363e5da4c3c70419c7121dc806/duckdb-1.4.3-cp312-cp312-macosx_11_0_arm64.whl", hash = "sha256:5634e40e1e2d972e4f75bced1fbdd9e9e90faa26445c1052b27de97ee546944a", size = 13740477, upload-time = "2025-12-09T10:58:21.778Z" },
    { url = "https://files.pythonhosted.org/packages/5f/ec/279723615b4fb454efd823b7efe97cf2504569e2e74d15defbbd6b027901/duckdb-1.4.3-cp312-cp312-manylinux_2_26_aarch64.manylinux_2_28_aarch64.whl", hash = "sha256:274d4a31aba63115f23e7e7b401e3e3a937f3626dc9dea820a9c7d3073f450d2", size = 18483715, upload-time = "2025-12-09T10:58:24.346Z" },
    { url = "https://files.pythonhosted.org/packages/10/63/af20cd20fd7fd6565ea5a1578c16157b6a6e07923e459a6f9b0dc9ada308/duckdb-1.4.3-cp312-cp312-manylinux_2_26_x86_64.manylinux_2_28_x86_64.whl", hash = "sha256:4f868a7e6d9b37274a1aa34849ea92aa964e9bd59a5237d6c17e8540533a1e4f", size = 20495188, upload-time = "2025-12-09T10:58:26.806Z" },
    { url = "https://files.pythonhosted.org/packages/8c/ab/0acb4b64afb2cc6c1d458a391c64e36be40137460f176c04686c965ce0e0/duckdb-1.4.3-cp312-cp312-win_amd64.whl", hash = "sha256:ef7ef15347ce97201b1b5182a5697682679b04c3374d5a01ac10ba31cf791b95", size = 12335622, upload-time = "2025-12-09T10:58:29.707Z" },
    { url = "https://files.pythonhosted.org/packages/50/d5/2a795745f6597a5e65770141da6efdc4fd754e5ee6d652f74bcb7f9c7759/duckdb-1.4.3-cp312-cp312-win_arm64.whl", hash = "sha256:1b9b445970fd18274d5ac07a0b24c032e228f967332fb5ebab3d7db27738c0e4", size = 13075834, upload-time = "2025-12-09T10:58:32.036Z" },
    { url = "https://files.pythonhosted.org/packages/fd/76/288cca43a10ddd082788e1a71f1dc68d9130b5d078c3ffd0edf2f3a8719f/duckdb-1.4.3-cp313-cp313-macosx_10_13_universal2.whl", hash = "sha256:16952ac05bd7e7b39946695452bf450db1ebbe387e1e7178e10f593f2ea7b9a8", size = 29033392, upload-time = "2025-12-09T10:58:34.631Z" },
    { url = "https://files.pythonhosted.org/packages/64/07/cbad3d3da24af4d1add9bccb5fb390fac726ffa0c0cebd29bf5591cef334/duckdb-1.4.3-cp313-cp313-macosx_10_13_x86_64.whl", hash = "sha256:de984cd24a6cbefdd6d4a349f7b9a46e583ca3e58ce10d8def0b20a6e5fcbe78", size = 15414567, upload-time = "2025-12-09T10:58:37.051Z" },
    { url = "https://files.pythonhosted.org/packages/c4/19/57af0cc66ba2ffb8900f567c9aec188c6ab2a7b3f2260e9c6c3c5f9b57b1/duckdb-1.4.3-cp313-cp313-macosx_11_0_arm64.whl", hash = "sha256:1e5457dda91b67258aae30fb1a0df84183a9f6cd27abac1d5536c0d876c6dfa1", size = 13740960, upload-time = "2025-12-09T10:58:39.658Z" },
    { url = "https://files.pythonhosted.org/packages/73/dd/23152458cf5fd51e813fadda60b9b5f011517634aa4bb9301f5f3aa951d8/duckdb-1.4.3-cp313-cp313-manylinux_2_26_aarch64.manylinux_2_28_aarch64.whl", hash = "sha256:006aca6a6d6736c441b02ff5c7600b099bb8b7f4de094b8b062137efddce42df", size = 18484312, upload-time = "2025-12-09T10:58:42.054Z" },
    { url = "https://files.pythonhosted.org/packages/1a/7b/adf3f611f11997fc429d4b00a730604b65d952417f36a10c4be6e38e064d/duckdb-1.4.3-cp313-cp313-manylinux_2_26_x86_64.manylinux_2_28_x86_64.whl", hash = "sha256:a2813f4635f4d6681cc3304020374c46aca82758c6740d7edbc237fe3aae2744", size = 20495571, upload-time = "2025-12-09T10:58:44.646Z" },
    { url = "https://files.pythonhosted.org/packages/40/d5/6b7ddda7713a788ab2d622c7267ec317718f2bdc746ce1fca49b7ff0e50f/duckdb-1.4.3-cp313-cp313-win_amd64.whl", hash = "sha256:6db124f53a3edcb32b0a896ad3519e37477f7e67bf4811cb41ab60c1ef74e4c8", size = 12335680, upload-time = "2025-12-09T10:58:46.883Z" },
    { url = "https://files.pythonhosted.org/packages/e8/28/0670135cf54525081fded9bac1254f78984e3b96a6059cd15aca262e3430/duckdb-1.4.3-cp313-cp313-win_arm64.whl", hash = "sha256:a8b0a8764e1b5dd043d168c8f749314f7a1252b5a260fa415adaa26fa3b958fd", size = 13075161, upload-time = "2025-12-09T10:58:49.47Z" },
    { url = "https://files.pythonhosted.org/packages/b6/f4/a38651e478fa41eeb8e43a0a9c0d4cd8633adea856e3ac5ac95124b0fdbf/duckdb-1.4.3-cp314-cp314-macosx_10_15_universal2.whl", hash = "sha256:316711a9e852bcfe1ed6241a5f654983f67e909e290495f3562cccdf43be8180", size = 29042272, upload-time = "2025-12-09T10:58:51.826Z" },
    { url = "https://files.pythonhosted.org/packages/16/de/2cf171a66098ce5aeeb7371511bd2b3d7b73a2090603b0b9df39f8aaf814/duckdb-1.4.3-cp314-cp314-macosx_10_15_x86_64.whl", hash = "sha256:9e625b2b4d52bafa1fd0ebdb0990c3961dac8bb00e30d327185de95b68202131", size = 15419343, upload-time = "2025-12-09T10:58:54.439Z" },
    { url = "https://files.pythonhosted.org/packages/35/28/6b0a7830828d4e9a37420d87e80fe6171d2869a9d3d960bf5d7c3b8c7ee4/duckdb-1.4.3-cp314-cp314-macosx_11_0_arm64.whl", hash = "sha256:130c6760f6c573f9c9fe9aba56adba0fab48811a4871b7b8fd667318b4a3e8da", size = 13748905, upload-time = "2025-12-09T10:58:56.656Z" },
    { url = "https://files.pythonhosted.org/packages/15/4d/778628e194d63967870873b9581c8a6b4626974aa4fbe09f32708a2d3d3a/duckdb-1.4.3-cp314-cp314-manylinux_2_26_aarch64.manylinux_2_28_aarch64.whl", hash = "sha256:20c88effaa557a11267706b01419c542fe42f893dee66e5a6daa5974ea2d4a46", size = 18487261, upload-time = "2025-12-09T10:58:58.866Z" },
    { url = "https://files.pythonhosted.org/packages/c6/5f/87e43af2e4a0135f9675449563e7c2f9b6f1fe6a2d1691c96b091f3904dd/duckdb-1.4.3-cp314-cp314-manylinux_2_26_x86_64.manylinux_2_28_x86_64.whl", hash = "sha256:1b35491db98ccd11d151165497c084a9d29d3dc42fc80abea2715a6c861ca43d", size = 20497138, upload-time = "2025-12-09T10:59:01.241Z" },
    { url = "https://files.pythonhosted.org/packages/94/41/abec537cc7c519121a2a83b9a6f180af8915fabb433777dc147744513e74/duckdb-1.4.3-cp314-cp314-win_amd64.whl", hash = "sha256:23b12854032c1a58d0452e2b212afa908d4ce64171862f3792ba9a596ba7c765", size = 12836056, upload-time = "2025-12-09T10:59:03.388Z" },
    { url = "https://files.pythonhosted.org/packages/b1/5a/8af5b96ce5622b6168854f479ce846cf7fb589813dcc7d8724233c37ded3/duckdb-1.4.3-cp314-cp314-win_arm64.whl", hash = "sha256:90f241f25cffe7241bf9f376754a5845c74775e00e1c5731119dc88cd71e0cb2", size = 13527759, upload-time = "2025-12-09T10:59:05.496Z" },
]

[[package]]
name = "io-manager"
version = "0.1.0"
source = { virtual = "." }
dependencies = [
    { name = "duckdb" },
    { name = "polars", extra = ["connectorx"] },
    { name = "pyarrow" },
]

[package.metadata]
requires-dist = [
    { name = "duckdb", specifier = ">=1.0.0" },
    { name = "polars", extras = ["connectorx"], specifier = ">=1.0.0" },
    { name = "pyarrow", specifier = ">=23.0.0" },
]

[[package]]
name = "polars"
version = "1.37.1"
source = { registry = "https://pypi.org/simple" }
dependencies = [
    { name = "polars-runtime-32" },
]
sdist = { url = "https://files.pythonhosted.org/packages/84/ae/dfebf31b9988c20998140b54d5b521f64ce08879f2c13d9b4d44d7c87e32/polars-1.37.1.tar.gz", hash = "sha256:0309e2a4633e712513401964b4d95452f124ceabf7aec6db50affb9ced4a274e", size = 715572, upload-time = "2026-01-12T23:27:03.267Z" }
wheels = [
    { url = "https://files.pythonhosted.org/packages/08/75/ec73e38812bca7c2240aff481b9ddff20d1ad2f10dee4b3353f5eeaacdab/polars-1.37.1-py3-none-any.whl", hash = "sha256:377fed8939a2f1223c1563cfabdc7b4a3d6ff846efa1f2ddeb8644fafd9b1aff", size = 805749, upload-time = "2026-01-12T23:25:48.595Z" },
]

[package.optional-dependencies]
connectorx = [
    { name = "connectorx" },
]

[[package]]
name = "polars-runtime-32"
version = "1.37.1"
source = { registry = "https://pypi.org/simple" }
sdist = { url = "https://files.pythonhosted.org/packages/40/0b/addabe5e8d28a5a4c9887a08907be7ddc3fce892dc38f37d14b055438a57/polars_runtime_32-1.37.1.tar.gz", hash = "sha256:68779d4a691da20a5eb767d74165a8f80a2bdfbde4b54acf59af43f7fa028d8f", size = 2818945, upload-time = "2026-01-12T23:27:04.653Z" }
wheels = [
    { url = "https://files.pythonhosted.org/packages/2a/a2/e828ea9f845796de02d923edb790e408ca0b560cd68dbd74bb99a1b3c461/polars_runtime_32-1.37.1-cp310-abi3-macosx_10_12_x86_64.whl", hash = "sha256:0b8d4d73ea9977d3731927740e59d814647c5198bdbe359bcf6a8bfce2e79771", size = 43499912, upload-time = "2026-01-12T23:25:51.182Z" },
    { url = "https://files.pythonhosted.org/packages/7e/46/81b71b7aa9e3703ee6e4ef1f69a87e40f58ea7c99212bf49a95071e99c8c/polars_runtime_32-1.37.1-cp310-abi3-macosx_11_0_arm64.whl", hash = "sha256:c682bf83f5f352e5e02f5c16c652c48ca40442f07b236f30662b22217320ce76", size = 39695707, upload-time = "2026-01-12T23:25:54.289Z" },
    { url = "https://files.pythonhosted.org/packages/81/2e/20009d1fde7ee919e24040f5c87cb9d0e4f8e3f109b74ba06bc10c02459c/polars_runtime_32-1.37.1-cp310-abi3-manylinux_2_17_aarch64.manylinux2014_aarch64.whl", hash = "sha256:fc82b5bbe70ca1a4b764eed1419f6336752d6ba9fc1245388d7f8b12438afa2c", size = 41467034, upload-time = "2026-01-12T23:25:56.925Z" },
    { url = "https://files.pythonhosted.org/packages/eb/21/9b55bea940524324625b1e8fd96233290303eb1bf2c23b54573487bbbc25/polars_runtime_32-1.37.1-cp310-abi3-manylinux_2_17_x86_64.manylinux2014_x86_64.whl", hash = "sha256:a8362d11ac5193b994c7e9048ffe22ccfb976699cfbf6e128ce0302e06728894", size = 45142711, upload-time = "2026-01-12T23:26:00.817Z" },
    { url = "https://files.pythonhosted.org/packages/8c/25/c5f64461aeccdac6834a89f826d051ccd3b4ce204075e562c87a06ed2619/polars_runtime_32-1.37.1-cp310-abi3-musllinux_1_2_aarch64.whl", hash = "sha256:04f5d5a2f013dca7391b7d8e7672fa6d37573a87f1d45d3dd5f0d9b5565a4b0f", size = 41638564, upload-time = "2026-01-12T23:26:04.186Z" },
    { url = "https://files.pythonhosted.org/packages/35/af/509d3cf6c45e764ccf856beaae26fc34352f16f10f94a7839b1042920a73/polars_runtime_32-1.37.1-cp310-abi3-musllinux_1_2_x86_64.whl", hash = "sha256:fbfde7c0ca8209eeaed546e4a32cca1319189aa61c5f0f9a2b4494262bd0c689", size = 44721136, upload-time = "2026-01-12T23:26:07.088Z" },
    { url = "https://files.pythonhosted.org/packages/af/d1/5c0a83a625f72beef59394bebc57d12637997632a4f9d3ab2ffc2cc62bbf/polars_runtime_32-1.37.1-cp310-abi3-win_amd64.whl", hash = "sha256:da3d3642ae944e18dd17109d2a3036cb94ce50e5495c5023c77b1599d4c861bc", size = 44948288, upload-time = "2026-01-12T23:26:10.214Z" },
    { url = "https://files.pythonhosted.org/packages/10/f3/061bb702465904b6502f7c9081daee34b09ccbaa4f8c94cf43a2a3b6dd6f/polars_runtime_32-1.37.1-cp310-abi3-win_arm64.whl", hash = "sha256:55f2c4847a8d2e267612f564de7b753a4bde3902eaabe7b436a0a4abf75949a0", size = 41001914, upload-time = "2026-01-12T23:26:12.997Z" },
]

[[package]]
name = "pyarrow"
version = "23.0.0"
source = { registry = "https://pypi.org/simple" }
sdist = { url = "https://files.pythonhosted.org/packages/01/33/ffd9c3eb087fa41dd79c3cf20c4c0ae3cdb877c4f8e1107a446006344924/pyarrow-23.0.0.tar.gz", hash = "sha256:180e3150e7edfcd182d3d9afba72f7cf19839a497cc76555a8dce998a8f67615", size = 1167185, upload-time = "2026-01-18T16:19:42.218Z" }
wheels = [
    { url = "https://files.pythonhosted.org/packages/3d/bd/c861d020831ee57609b73ea721a617985ece817684dc82415b0bc3e03ac3/pyarrow-23.0.0-cp312-cp312-macosx_12_0_arm64.whl", hash = "sha256:5961a9f646c232697c24f54d3419e69b4261ba8a8b66b0ac54a1851faffcbab8", size = 34189116, upload-time = "2026-01-18T16:15:28.054Z" },
    { url = "https://files.pythonhosted.org/packages/8c/23/7725ad6cdcbaf6346221391e7b3eecd113684c805b0a95f32014e6fa0736/pyarrow-23.0.0-cp312-cp312-macosx_12_0_x86_64.whl", hash = "sha256:632b3e7c3d232f41d64e1a4a043fb82d44f8a349f339a1188c6a0dd9d2d47d8a", size = 35803831, upload-time = "2026-01-18T16:15:33.798Z" },
    { url = "https://files.pythonhosted.org/packages/57/06/684a421543455cdc2944d6a0c2cc3425b028a4c6b90e34b35580c4899743/pyarrow-23.0.0-cp312-cp312-manylinux_2_28_aarch64.whl", hash = "sha256:76242c846db1411f1d6c2cc3823be6b86b40567ee24493344f8226ba34a81333", size = 44436452, upload-time = "2026-01-18T16:15:41.598Z" },
    { url = "https://files.pythonhosted.org/packages/c6/6f/8f9eb40c2328d66e8b097777ddcf38494115ff9f1b5bc9754ba46991191e/pyarrow-23.0.0-cp312-cp312-manylinux_2_28_x86_64.whl", hash = "sha256:b73519f8b52ae28127000986bf228fda781e81d3095cd2d3ece76eb5cf760e1b", size = 47557396, upload-time = "2026-01-18T16:15:51.252Z" },
    { url = "https://files.pythonhosted.org/packages/10/6e/f08075f1472e5159553501fde2cc7bc6700944bdabe49a03f8a035ee6ccd/pyarrow-23.0.0-cp312-cp312-musllinux_1_2_aarch64.whl", hash = "sha256:068701f6823449b1b6469120f399a1239766b117d211c5d2519d4ed5861f75de", size = 48147129, upload-time = "2026-01-18T16:16:00.299Z" },
    { url = "https://files.pythonhosted.org/packages/7d/82/d5a680cd507deed62d141cc7f07f7944a6766fc51019f7f118e4d8ad0fb8/pyarrow-23.0.0-cp312-cp312-musllinux_1_2_x86_64.whl", hash = "sha256:1801ba947015d10e23bca9dd6ef5d0e9064a81569a89b6e9a63b59224fd060df", size = 50596642, upload-time = "2026-01-18T16:16:08.502Z" },
    { url = "https://files.pythonhosted.org/packages/a9/26/4f29c61b3dce9fa7780303b86895ec6a0917c9af927101daaaf118fbe462/pyarrow-23.0.0-cp312-cp312-win_amd64.whl", hash = "sha256:52265266201ec25b6839bf6bd4ea918ca6d50f31d13e1cf200b4261cd11dc25c", size = 27660628, upload-time = "2026-01-18T16:16:15.28Z" },
    { url = "https://files.pythonhosted.org/packages/66/34/564db447d083ec7ff93e0a883a597d2f214e552823bfc178a2d0b1f2c257/pyarrow-23.0.0-cp313-cp313-macosx_12_0_arm64.whl", hash = "sha256:ad96a597547af7827342ffb3c503c8316e5043bb09b47a84885ce39394c96e00", size = 34184630, upload-time = "2026-01-18T16:16:22.141Z" },
    { url = "https://files.pythonhosted.org/packages/aa/3a/3999daebcb5e6119690c92a621c4d78eef2ffba7a0a1b56386d2875fcd77/pyarrow-23.0.0-cp313-cp313-macosx_12_0_x86_64.whl", hash = "sha256:b9edf990df77c2901e79608f08c13fbde60202334a4fcadb15c1f57bf7afee43", size = 35796820, upload-time = "2026-01-18T16:16:29.441Z" },
    { url = "https://files.pythonhosted.org/packages/ec/ee/39195233056c6a8d0976d7d1ac1cd4fe21fb0ec534eca76bc23ef3f60e11/pyarrow-23.0.0-cp313-cp313-manylinux_2_28_aarch64.whl", hash = "sha256:36d1b5bc6ddcaff0083ceec7e2561ed61a51f49cce8be079ee8ed406acb6fdef", size = 44438735, upload-time = "2026-01-18T16:16:38.79Z" },
    { url = "https://files.pythonhosted.org/packages/2c/41/6a7328ee493527e7afc0c88d105ecca69a3580e29f2faaeac29308369fd7/pyarrow-23.0.0-cp313-cp313-manylinux_2_28_x86_64.whl", hash = "sha256:4292b889cd224f403304ddda8b63a36e60f92911f89927ec8d98021845ea21be", size = 47557263, upload-time = "2026-01-18T16:16:46.248Z" },
    { url = "https://files.pythonhosted.org/packages/c6/ee/34e95b21ee84db494eae60083ddb4383477b31fb1fd19fd866d794881696/pyarrow-23.0.0-cp313-cp313-musllinux_1_2_aarch64.whl", hash = "sha256:dfd9e133e60eaa847fd80530a1b89a052f09f695d0b9c34c235ea6b2e0924cf7", size = 48153529, upload-time = "2026-01-18T16:16:53.412Z" },
    { url = "https://files.pythonhosted.org/packages/52/88/8a8d83cea30f4563efa1b7bf51d241331ee5cd1b185a7e063f5634eca415/pyarrow-23.0.0-cp313-cp313-musllinux_1_2_x86_64.whl", hash = "sha256:832141cc09fac6aab1cd3719951d23301396968de87080c57c9a7634e0ecd068", size = 50598851, upload-time = "2026-01-18T16:17:01.133Z" },
    { url = "https://files.pythonhosted.org/packages/c6/4c/2929c4be88723ba025e7b3453047dc67e491c9422965c141d24bab6b5962/pyarrow-23.0.0-cp313-cp313-win_amd64.whl", hash = "sha256:7a7d067c9a88faca655c71bcc30ee2782038d59c802d57950826a07f60d83c4c", size = 27577747, upload-time = "2026-01-18T16:18:02.413Z" },
    { url = "https://files.pythonhosted.org/packages/64/52/564a61b0b82d72bd68ec3aef1adda1e3eba776f89134b9ebcb5af4b13cb6/pyarrow-23.0.0-cp313-cp313t-macosx_12_0_arm64.whl", hash = "sha256:ce9486e0535a843cf85d990e2ec5820a47918235183a5c7b8b97ed7e92c2d47d", size = 34446038, upload-time = "2026-01-18T16:17:07.861Z" },
    { url = "https://files.pythonhosted.org/packages/cc/c9/232d4f9855fd1de0067c8a7808a363230d223c83aeee75e0fe6eab851ba9/pyarrow-23.0.0-cp313-cp313t-macosx_12_0_x86_64.whl", hash = "sha256:075c29aeaa685fd1182992a9ed2499c66f084ee54eea47da3eb76e125e06064c", size = 35921142, upload-time = "2026-01-18T16:17:15.401Z" },
    { url = "https://files.pythonhosted.org/packages/96/f2/60af606a3748367b906bb82d41f0032e059f075444445d47e32a7ff1df62/pyarrow-23.0.0-cp313-cp313t-manylinux_2_28_aarch64.whl", hash = "sha256:799965a5379589510d888be3094c2296efd186a17ca1cef5b77703d4d5121f53", size = 44490374, upload-time = "2026-01-18T16:17:23.93Z" },
    { url = "https://files.pythonhosted.org/packages/ff/2d/7731543050a678ea3a413955a2d5d80d2a642f270aa57a3cb7d5a86e3f46/pyarrow-23.0.0-cp313-cp313t-manylinux_2_28_x86_64.whl", hash = "sha256:ef7cac8fe6fccd8b9e7617bfac785b0371a7fe26af59463074e4882747145d40", size = 47527896, upload-time = "2026-01-18T16:17:33.393Z" },
    { url = "https://files.pythonhosted.org/packages/5a/90/f3342553b7ac9879413aed46500f1637296f3c8222107523a43a1c08b42a/pyarrow-23.0.0-cp313-cp313t-musllinux_1_2_aarch64.whl", hash = "sha256:15a414f710dc927132dd67c361f78c194447479555af57317066ee5116b90e9e", size = 48210401, upload-time = "2026-01-18T16:17:42.012Z" },
    { url = "https://files.pythonhosted.org/packages/f3/da/9862ade205ecc46c172b6ce5038a74b5151c7401e36255f15975a45878b2/pyarrow-23.0.0-cp313-cp313t-musllinux_1_2_x86_64.whl", hash = "sha256:3e0d2e6915eca7d786be6a77bf227fbc06d825a75b5b5fe9bcbef121dec32685", size = 50579677, upload-time = "2026-01-18T16:17:50.241Z" },
    { url = "https://files.pythonhosted.org/packages/c2/4c/f11f371f5d4740a5dafc2e11c76bcf42d03dfdb2d68696da97de420b6963/pyarrow-23.0.0-cp313-cp313t-win_amd64.whl", hash = "sha256:4b317ea6e800b5704e5e5929acb6e2dc13e9276b708ea97a39eb8b345aa2658b", size = 27631889, upload-time = "2026-01-18T16:17:56.55Z" },
    { url = "https://files.pythonhosted.org/packages/97/bb/15aec78bcf43a0c004067bd33eb5352836a29a49db8581fc56f2b6ca88b7/pyarrow-23.0.0-cp314-cp314-macosx_12_0_arm64.whl", hash = "sha256:20b187ed9550d233a872074159f765f52f9d92973191cd4b93f293a19efbe377", size = 34213265, upload-time = "2026-01-18T16:18:07.904Z" },
    { url = "https://files.pythonhosted.org/packages/f6/6c/deb2c594bbba41c37c5d9aa82f510376998352aa69dfcb886cb4b18ad80f/pyarrow-23.0.0-cp314-cp314-macosx_12_0_x86_64.whl", hash = "sha256:18ec84e839b493c3886b9b5e06861962ab4adfaeb79b81c76afbd8d84c7d5fda", size = 35819211, upload-time = "2026-01-18T16:18:13.94Z" },
    { url = "https://files.pythonhosted.org/packages/e0/e5/ee82af693cb7b5b2b74f6524cdfede0e6ace779d7720ebca24d68b57c36b/pyarrow-23.0.0-cp314-cp314-manylinux_2_28_aarch64.whl", hash = "sha256:e438dd3f33894e34fd02b26bd12a32d30d006f5852315f611aa4add6c7fab4bc", size = 44502313, upload-time = "2026-01-18T16:18:20.367Z" },
    { url = "https://files.pythonhosted.org/packages/9c/86/95c61ad82236495f3c31987e85135926ba3ec7f3819296b70a68d8066b49/pyarrow-23.0.0-cp314-cp314-manylinux_2_28_x86_64.whl", hash = "sha256:a244279f240c81f135631be91146d7fa0e9e840e1dfed2aba8483eba25cd98e6", size = 47585886, upload-time = "2026-01-18T16:18:27.544Z" },
    { url = "https://files.pythonhosted.org/packages/bb/6e/a72d901f305201802f016d015de1e05def7706fff68a1dedefef5dc7eff7/pyarrow-23.0.0-cp314-cp314-musllinux_1_2_aarch64.whl", hash = "sha256:c4692e83e42438dba512a570c6eaa42be2f8b6c0f492aea27dec54bdc495103a", size = 48207055, upload-time = "2026-01-18T16:18:35.425Z" },
    { url = "https://files.pythonhosted.org/packages/f9/e5/5de029c537630ca18828db45c30e2a78da03675a70ac6c3528203c416fe3/pyarrow-23.0.0-cp314-cp314-musllinux_1_2_x86_64.whl", hash = "sha256:ae7f30f898dfe44ea69654a35c93e8da4cef6606dc4c72394068fd95f8e9f54a", size = 50619812, upload-time = "2026-01-18T16:18:43.553Z" },
    { url = "https://files.pythonhosted.org/packages/59/8d/2af846cd2412e67a087f5bda4a8e23dfd4ebd570f777db2e8686615dafc1/pyarrow-23.0.0-cp314-cp314-win_amd64.whl", hash = "sha256:5b86bb649e4112fb0614294b7d0a175c7513738876b89655605ebb87c804f861", size = 28263851, upload-time = "2026-01-18T16:19:38.567Z" },
    { url = "https://files.pythonhosted.org/packages/7b/7f/caab863e587041156f6786c52e64151b7386742c8c27140f637176e9230e/pyarrow-23.0.0-cp314-cp314t-macosx_12_0_arm64.whl", hash = "sha256:ebc017d765d71d80a3f8584ca0566b53e40464586585ac64176115baa0ada7d3", size = 34463240, upload-time = "2026-01-18T16:18:49.755Z" },
    { url = "https://files.pythonhosted.org/packages/c9/fa/3a5b8c86c958e83622b40865e11af0857c48ec763c11d472c87cd518283d/pyarrow-23.0.0-cp314-cp314t-macosx_12_0_x86_64.whl", hash = "sha256:0800cc58a6d17d159df823f87ad66cefebf105b982493d4bad03ee7fab84b993", size = 35935712, upload-time = "2026-01-18T16:18:55.626Z" },
    { url = "https://files.pythonhosted.org/packages/c5/08/17a62078fc1a53decb34a9aa79cf9009efc74d63d2422e5ade9fed2f99e3/pyarrow-23.0.0-cp314-cp314t-manylinux_2_28_aarch64.whl", hash = "sha256:3a7c68c722da9bb5b0f8c10e3eae71d9825a4b429b40b32709df5d1fa55beb3d", size = 44503523, upload-time = "2026-01-18T16:19:03.958Z" },
    { url = "https://files.pythonhosted.org/packages/cc/70/84d45c74341e798aae0323d33b7c39194e23b1abc439ceaf60a68a7a969a/pyarrow-23.0.0-cp314-cp314t-manylinux_2_28_x86_64.whl", hash = "sha256:bd5556c24622df90551063ea41f559b714aa63ca953db884cfb958559087a14e", size = 47542490, upload-time = "2026-01-18T16:19:11.208Z" },
    { url = "https://files.pythonhosted.org/packages/61/d9/d1274b0e6f19e235de17441e53224f4716574b2ca837022d55702f24d71d/pyarrow-23.0.0-cp314-cp314t-musllinux_1_2_aarch64.whl", hash = "sha256:54810f6e6afc4ffee7c2e0051b61722fbea9a4961b46192dcfae8ea12fa09059", size = 48233605, upload-time = "2026-01-18T16:19:19.544Z" },
    { url = "https://files.pythonhosted.org/packages/39/07/e4e2d568cb57543d84482f61e510732820cddb0f47c4bb7df629abfed852/pyarrow-23.0.0-cp314-cp314t-musllinux_1_2_x86_64.whl", hash = "sha256:14de7d48052cf4b0ed174533eafa3cfe0711b8076ad70bede32cf59f744f0d7c", size = 50603979, upload-time = "2026-01-18T16:19:26.717Z" },
    { url = "https://files.pythonhosted.org/packages/72/9c/47693463894b610f8439b2e970b82ef81e9599c757bf2049365e40ff963c/pyarrow-23.0.0-cp314-cp314t-win_amd64.whl", hash = "sha256:427deac1f535830a744a4f04a6ac183a64fcac4341b3f618e693c41b7b98d2b0", size = 28338905, upload-time = "2026-01-18T16:19:32.93Z" },
]
